
Microsoft Visual Studio Solution File, Format Version 12.00
# Visual Studio Version 17
VisualStudioVersion = 17.9.34701.34
MinimumVisualStudioVersion = 10.0.40219.1
Project("{FAE04EC0-301F-11D3-BF4B-00C04F79EFBC}") = "parachute", "parachute.csproj", "{B52AC033-7D50-48F8-BF22-16D08992328C}"
EndProject
Global
	GlobalSection(SolutionConfigurationPlatforms) = preSolution
		Debug|Any CPU = Debug|Any CPU
		Release|Any CPU = Release|Any CPU
	EndGlobalSection
	GlobalSection(ProjectConfigurationPlatforms) = postSolution
		{B52AC033-7D50-48F8-BF22-16D08992328C}.Debug|Any CPU.ActiveCfg = Debug|Any CPU
		{B52AC033-7D50-48F8-BF22-16D08992328C}.Debug|Any CPU.Build.0 = Debug|Any CPU
		{B52AC033-7D50-48F8-BF22-16D08992328C}.Release|Any CPU.ActiveCfg = Release|Any CPU
		{B52AC033-7D50-48F8-BF22-16D08992328C}.Release|Any CPU.Build.0 = Release|Any CPU
	EndGlobalSection
	GlobalSection(SolutionProperties) = preSolution
		HideSolutionNode = FALSE
	EndGlobalSection
	GlobalSection(ExtensibilityGlobals) = postSolution
		SolutionGuid = {11A10E57-CEB0-4A61-84E0-30111B546EAC}
	EndGlobalSection
EndGlobal
